
Microsoft Visual Studio Solution File, Format Version 12.00
# Visual Studio Version 16
VisualStudioVersion = 16.0.30611.23
MinimumVisualStudioVersion = 10.0.40219.1
Project("{FAE04EC0-301F-11D3-BF4B-00C04F79EFBC}") = "BattleGameApp", "BattleGameApp.csproj", "{99D2CF2D-3982-4712-A64F-4F3EE44146BC}"
EndProject
Global
	GlobalSection(SolutionConfigurationPlatforms) = preSolution
		Debug|Any CPU = Debug|Any CPU
		Release|Any CPU = Release|Any CPU
	EndGlobalSection
	GlobalSection(ProjectConfigurationPlatforms) = postSolution
		{99D2CF2D-3982-4712-A64F-4F3EE44146BC}.Debug|Any CPU.ActiveCfg = Debug|Any CPU
		{99D2CF2D-3982-4712-A64F-4F3EE44146BC}.Debug|Any CPU.Build.0 = Debug|Any CPU
		{99D2CF2D-3982-4712-A64F-4F3EE44146BC}.Release|Any CPU.ActiveCfg = Release|Any CPU
		{99D2CF2D-3982-4712-A64F-4F3EE44146BC}.Release|Any CPU.Build.0 = Release|Any CPU
	EndGlobalSection
	GlobalSection(SolutionProperties) = preSolution
		HideSolutionNode = FALSE
	EndGlobalSection
	GlobalSection(ExtensibilityGlobals) = postSolution
		SolutionGuid = {0E286561-4E96-4604-AAE8-9FEA785A6C52}
	EndGlobalSection
EndGlobal
